// !$*UTF8*$!
{
	archiveVersion = 1;
	classes = {
	};
	objectVersion = 46;
	objects = {

/* Begin PBXBuildFile section */
		BB5A47CC1AA786F900F1ABB2 /* CardView.swift in Sources */ = {isa = PBXBuildFile; fileRef = BB5A47CB1AA786F800F1ABB2 /* CardView.swift */; };
		BB7BC9AB1AA8A01900B99CA4 /* ModelCard.swift in Sources */ = {isa = PBXBuildFile; fileRef = BB7BC9AA1AA8A01900B99CA4 /* ModelCard.swift */; };
		BBFBDA321AA7541900426CBE /* AppDelegate.swift in Sources */ = {isa = PBXBuildFile; fileRef = BBFBDA311AA7541900426CBE /* AppDelegate.swift */; };
		BBFBDA341AA7541900426CBE /* ViewController.swift in Sources */ = {isa = PBXBuildFile; fileRef = BBFBDA331AA7541900426CBE /* ViewController.swift */; };
		BBFBDA371AA7541900426CBE /* Main.storyboard in Resources */ = {isa = PBXBuildFile; fileRef = BBFBDA351AA7541900426CBE /* Main.storyboard */; };
		BBFBDA391AA7541900426CBE /* Images.xcassets in Resources */ = {isa = PBXBuildFile; fileRef = BBFBDA381AA7541900426CBE /* Images.xcassets */; };
		BBFBDA3C1AA7541900426CBE /* LaunchScreen.xib in Resources */ = {isa = PBXBuildFile; fileRef = BBFBDA3A1AA7541900426CBE /* LaunchScreen.xib */; };
		BBFBDA481AA7541900426CBE /* tindViewTests.swift in Sources */ = {isa = PBXBuildFile; fileRef = BBFBDA471AA7541900426CBE /* tindViewTests.swift */; };
		BBFBDA521AA7542F00426CBE /* RRVoteViewController.swift in Sources */ = {isa = PBXBuildFile; fileRef = BBFBDA511AA7542F00426CBE /* RRVoteViewController.swift */; };
/* End PBXBuildFile section */

/* Begin PBXContainerItemProxy section */
		BBFBDA421AA7541900426CBE /* PBXContainerItemProxy */ = {
			isa = PBXContainerItemProxy;
			containerPortal = BBFBDA241AA7541900426CBE /* Project object */;
			proxyType = 1;
			remoteGlobalIDString = BBFBDA2B1AA7541900426CBE;
			remoteInfo = tindView;
		};
/* End PBXContainerItemProxy section */

/* Begin PBXFileReference section */
		BB5A47CB1AA786F800F1ABB2 /* CardView.swift */ = {isa = PBXFileReference; fileEncoding = 4; lastKnownFileType = sourcecode.swift; path = CardView.swift; sourceTree = "<group>"; };
		BB7BC9AA1AA8A01900B99CA4 /* ModelCard.swift */ = {isa = PBXFileReference; fileEncoding = 4; lastKnownFileType = sourcecode.swift; path = ModelCard.swift; sourceTree = "<group>"; };
		BBFBDA2C1AA7541900426CBE /* tindView.app */ = {isa = PBXFileReference; explicitFileType = wrapper.application; includeInIndex = 0; path = tindView.app; sourceTree = BUILT_PRODUCTS_DIR; };
		BBFBDA301AA7541900426CBE /* Info.plist */ = {isa = PBXFileReference; lastKnownFileType = text.plist.xml; path = Info.plist; sourceTree = "<group>"; };
		BBFBDA311AA7541900426CBE /* AppDelegate.swift */ = {isa = PBXFileReference; lastKnownFileType = sourcecode.swift; path = AppDelegate.swift; sourceTree = "<group>"; };
		BBFBDA331AA7541900426CBE /* ViewController.swift */ = {isa = PBXFileReference; lastKnownFileType = sourcecode.swift; path = ViewController.swift; sourceTree = "<group>"; };
		BBFBDA361AA7541900426CBE /* Base */ = {isa = PBXFileReference; lastKnownFileType = file.storyboard; name = Base; path = Base.lproj/Main.storyboard; sourceTree = "<group>"; };
		BBFBDA381AA7541900426CBE /* Images.xcassets */ = {isa = PBXFileReference; lastKnownFileType = folder.assetcatalog; path = Images.xcassets; sourceTree = "<group>"; };
		BBFBDA3B1AA7541900426CBE /* Base */ = {isa = PBXFileReference; lastKnownFileType = file.xib; name = Base; path = Base.lproj/LaunchScreen.xib; sourceTree = "<group>"; };
		BBFBDA411AA7541900426CBE /* tindViewTests.xctest */ = {isa = PBXFileReference; explicitFileType = wrapper.cfbundle; includeInIndex = 0; path = tindViewTests.xctest; sourceTree = BUILT_PRODUCTS_DIR; };
		BBFBDA461AA7541900426CBE /* Info.plist */ = {isa = PBXFileReference; lastKnownFileType = text.plist.xml; path = Info.plist; sourceTree = "<group>"; };
		BBFBDA471AA7541900426CBE /* tindViewTests.swift */ = {isa = PBXFileReference; lastKnownFileType = sourcecode.swift; path = tindViewTests.swift; sourceTree = "<group>"; };
		BBFBDA511AA7542F00426CBE /* RRVoteViewController.swift */ = {isa = PBXFileReference; fileEncoding = 4; lastKnownFileType = sourcecode.swift; path = RRVoteViewController.swift; sourceTree = "<group>"; };
/* End PBXFileReference section */

/* Begin PBXFrameworksBuildPhase section */
		BBFBDA291AA7541900426CBE /* Frameworks */ = {
			isa = PBXFrameworksBuildPhase;
			buildActionMask = 2147483647;
			files = (
			);
			runOnlyForDeploymentPostprocessing = 0;
		};
		BBFBDA3E1AA7541900426CBE /* Frameworks */ = {
			isa = PBXFrameworksBuildPhase;
			buildActionMask = 2147483647;
			files = (
			);
			runOnlyForDeploymentPostprocessing = 0;
		};
/* End PBXFrameworksBuildPhase section */

/* Begin PBXGroup section */
		BBFBDA231AA7541900426CBE = {
			isa = PBXGroup;
			children = (
				BBFBDA2E1AA7541900426CBE /* tindView */,
				BBFBDA441AA7541900426CBE /* tindViewTests */,
				BBFBDA2D1AA7541900426CBE /* Products */,
			);
			sourceTree = "<group>";
		};
		BBFBDA2D1AA7541900426CBE /* Products */ = {
			isa = PBXGroup;
			children = (
				BBFBDA2C1AA7541900426CBE /* tindView.app */,
				BBFBDA411AA7541900426CBE /* tindViewTests.xctest */,
			);
			name = Products;
			sourceTree = "<group>";
		};
		BBFBDA2E1AA7541900426CBE /* tindView */ = {
			isa = PBXGroup;
			children = (
				BBFBDA311AA7541900426CBE /* AppDelegate.swift */,
				BBFBDA331AA7541900426CBE /* ViewController.swift */,
				BBFBDA351AA7541900426CBE /* Main.storyboard */,
				BBFBDA381AA7541900426CBE /* Images.xcassets */,
				BBFBDA3A1AA7541900426CBE /* LaunchScreen.xib */,
				BBFBDA2F1AA7541900426CBE /* Supporting Files */,
				BBFBDA511AA7542F00426CBE /* RRVoteViewController.swift */,
				BB5A47CB1AA786F800F1ABB2 /* CardView.swift */,
				BB7BC9AA1AA8A01900B99CA4 /* ModelCard.swift */,
			);
			path = tindView;
			sourceTree = "<group>";
		};
		BBFBDA2F1AA7541900426CBE /* Supporting Files */ = {
			isa = PBXGroup;
			children = (
				BBFBDA301AA7541900426CBE /* Info.plist */,
			);
			name = "Supporting Files";
			sourceTree = "<group>";
		};
		BBFBDA441AA7541900426CBE /* tindViewTests */ = {
			isa = PBXGroup;
			children = (
				BBFBDA471AA7541900426CBE /* tindViewTests.swift */,
				BBFBDA451AA7541900426CBE /* Supporting Files */,
			);
			path = tindViewTests;
			sourceTree = "<group>";
		};
		BBFBDA451AA7541900426CBE /* Supporting Files */ = {
			isa = PBXGroup;
			children = (
				BBFBDA461AA7541900426CBE /* Info.plist */,
			);
			name = "Supporting Files";
			sourceTree = "<group>";
		};
/* End PBXGroup section */

/* Begin PBXNativeTarget section */
		BBFBDA2B1AA7541900426CBE /* tindView */ = {
			isa = PBXNativeTarget;
			buildConfigurationList = BBFBDA4B1AA7541900426CBE /* Build configuration list for PBXNativeTarget "tindView" */;
			buildPhases = (
				BBFBDA281AA7541900426CBE /* Sources */,
				BBFBDA291AA7541900426CBE /* Frameworks */,
				BBFBDA2A1AA7541900426CBE /* Resources */,
			);
			buildRules = (
			);
			dependencies = (
			);
			name = tindView;
			productName = tindView;
			productReference = BBFBDA2C1AA7541900426CBE /* tindView.app */;
			productType = "com.apple.product-type.application";
		};
		BBFBDA401AA7541900426CBE /* tindViewTests */ = {
			isa = PBXNativeTarget;
			buildConfigurationList = BBFBDA4E1AA7541900426CBE /* Build configuration list for PBXNativeTarget "tindViewTests" */;
			buildPhases = (
				BBFBDA3D1AA7541900426CBE /* Sources */,
				BBFBDA3E1AA7541900426CBE /* Frameworks */,
				BBFBDA3F1AA7541900426CBE /* Resources */,
			);
			buildRules = (
			);
			dependencies = (
				BBFBDA431AA7541900426CBE /* PBXTargetDependency */,
			);
			name = tindViewTests;
			productName = tindViewTests;
			productReference = BBFBDA411AA7541900426CBE /* tindViewTests.xctest */;
			productType = "com.apple.product-type.bundle.unit-test";
		};
/* End PBXNativeTarget section */

/* Begin PBXProject section */
		BBFBDA241AA7541900426CBE /* Project object */ = {
			isa = PBXProject;
			attributes = {
				LastUpgradeCheck = 0630;
				ORGANIZATIONNAME = "Remi Robert";
				TargetAttributes = {
					BBFBDA2B1AA7541900426CBE = {
						CreatedOnToolsVersion = 6.3;
					};
					BBFBDA401AA7541900426CBE = {
						CreatedOnToolsVersion = 6.3;
						TestTargetID = BBFBDA2B1AA7541900426CBE;
					};
				};
			};
			buildConfigurationList = BBFBDA271AA7541900426CBE /* Build configuration list for PBXProject "tindView" */;
			compatibilityVersion = "Xcode 3.2";
			developmentRegion = English;
			hasScannedForEncodings = 0;
			knownRegions = (
				en,
				Base,
			);
			mainGroup = BBFBDA231AA7541900426CBE;
			productRefGroup = BBFBDA2D1AA7541900426CBE /* Products */;
			projectDirPath = "";
			projectRoot = "";
			targets = (
				BBFBDA2B1AA7541900426CBE /* tindView */,
				BBFBDA401AA7541900426CBE /* tindViewTests */,
			);
		};
/* End PBXProject section */

/* Begin PBXResourcesBuildPhase section */
		BBFBDA2A1AA7541900426CBE /* Resources */ = {
			isa = PBXResourcesBuildPhase;
			buildActionMask = 2147483647;
			files = (
				BBFBDA371AA7541900426CBE /* Main.storyboard in Resources */,
				BBFBDA3C1AA7541900426CBE /* LaunchScreen.xib in Resources */,
				BBFBDA391AA7541900426CBE /* Images.xcassets in Resources */,
			);
			runOnlyForDeploymentPostprocessing = 0;
		};
		BBFBDA3F1AA7541900426CBE /* Resources */ = {
			isa = PBXResourcesBuildPhase;
			buildActionMask = 2147483647;
			files = (
			);
			runOnlyForDeploymentPostprocessing = 0;
		};
/* End PBXResourcesBuildPhase section */

/* Begin PBXSourcesBuildPhase section */
		BBFBDA281AA7541900426CBE /* Sources */ = {
			isa = PBXSourcesBuildPhase;
			buildActionMask = 2147483647;
			files = (
				BBFBDA341AA7541900426CBE /* ViewController.swift in Sources */,
				BBFBDA521AA7542F00426CBE /* RRVoteViewController.swift in Sources */,
				BB5A47CC1AA786F900F1ABB2 /* CardView.swift in Sources */,
				BBFBDA321AA7541900426CBE /* AppDelegate.swift in Sources */,
				BB7BC9AB1AA8A01900B99CA4 /* ModelCard.swift in Sources */,
			);
			runOnlyForDeploymentPostprocessing = 0;
		};
		BBFBDA3D1AA7541900426CBE /* Sources */ = {
			isa = PBXSourcesBuildPhase;
			buildActionMask = 2147483647;
			files = (
				BBFBDA481AA7541900426CBE /* tindViewTests.swift in Sources */,
			);
			runOnlyForDeploymentPostprocessing = 0;
		};
/* End PBXSourcesBuildPhase section */

/* Begin PBXTargetDependency section */
		BBFBDA431AA7541900426CBE /* PBXTargetDependency */ = {
			isa = PBXTargetDependency;
			target = BBFBDA2B1AA7541900426CBE /* tindView */;
			targetProxy = BBFBDA421AA7541900426CBE /* PBXContainerItemProxy */;
		};
/* End PBXTargetDependency section */

/* Begin PBXVariantGroup section */
		BBFBDA351AA7541900426CBE /* Main.storyboard */ = {
			isa = PBXVariantGroup;
			children = (
				BBFBDA361AA7541900426CBE /* Base */,
			);
			name = Main.storyboard;
			sourceTree = "<group>";
		};
		BBFBDA3A1AA7541900426CBE /* LaunchScreen.xib */ = {
			isa = PBXVariantGroup;
			children = (
				BBFBDA3B1AA7541900426CBE /* Base */,
			);
			name = LaunchScreen.xib;
			sourceTree = "<group>";
		};
/* End PBXVariantGroup section */

/* Begin XCBuildConfiguration section */
		BBFBDA491AA7541900426CBE /* Debug */ = {
			isa = XCBuildConfiguration;
			buildSettings = {
				ALWAYS_SEARCH_USER_PATHS = NO;
				CLANG_CXX_LANGUAGE_STANDARD = "gnu++0x";
				CLANG_CXX_LIBRARY = "libc++";
				CLANG_ENABLE_MODULES = YES;
				CLANG_ENABLE_OBJC_ARC = YES;
				CLANG_WARN_BOOL_CONVERSION = YES;
				CLANG_WARN_CONSTANT_CONVERSION = YES;
				CLANG_WARN_DIRECT_OBJC_ISA_USAGE = YES_ERROR;
				CLANG_WARN_EMPTY_BODY = YES;
				CLANG_WARN_ENUM_CONVERSION = YES;
				CLANG_WARN_INT_CONVERSION = YES;
				CLANG_WARN_OBJC_ROOT_CLASS = YES_ERROR;
				CLANG_WARN_UNREACHABLE_CODE = YES;
				CLANG_WARN__DUPLICATE_METHOD_MATCH = YES;
				"CODE_SIGN_IDENTITY[sdk=iphoneos*]" = "iPhone Developer";
				COPY_PHASE_STRIP = NO;
				DEBUG_INFORMATION_FORMAT = dwarf;
				ENABLE_STRICT_OBJC_MSGSEND = YES;
				GCC_C_LANGUAGE_STANDARD = gnu99;
				GCC_DYNAMIC_NO_PIC = NO;
				GCC_OPTIMIZATION_LEVEL = 0;
				GCC_PREPROCESSOR_DEFINITIONS = (
					"DEBUG=1",
					"$(inherited)",
				);
				GCC_SYMBOLS_PRIVATE_EXTERN = NO;
				GCC_WARN_64_TO_32_BIT_CONVERSION = YES;
				GCC_WARN_ABOUT_RETURN_TYPE = YES_ERROR;
				GCC_WARN_UNDECLARED_SELECTOR = YES;
				GCC_WARN_UNINITIALIZED_AUTOS = YES_AGGRESSIVE;
				GCC_WARN_UNUSED_FUNCTION = YES;
				GCC_WARN_UNUSED_VARIABLE = YES;
				IPHONEOS_DEPLOYMENT_TARGET = 8.3;
				MTL_ENABLE_DEBUG_INFO = YES;
				ONLY_ACTIVE_ARCH = YES;
				SDKROOT = iphoneos;
				SWIFT_OPTIMIZATION_LEVEL = "-Onone";
			};
			name = Debug;
		};
		BBFBDA4A1AA7541900426CBE /* Release */ = {
			isa = XCBuildConfiguration;
			buildSettings = {
				ALWAYS_SEARCH_USER_PATHS = NO;
				CLANG_CXX_LANGUAGE_STANDARD = "gnu++0x";
				CLANG_CXX_LIBRARY = "libc++";
				CLANG_ENABLE_MODULES = YES;
				CLANG_ENABLE_OBJC_ARC = YES;
				CLANG_WARN_BOOL_CONVERSION = YES;
				CLANG_WARN_CONSTANT_CONVERSION = YES;
				CLANG_WARN_DIRECT_OBJC_ISA_USAGE = YES_ERROR;
				CLANG_WARN_EMPTY_BODY = YES;
				CLANG_WARN_ENUM_CONVERSION = YES;
				CLANG_WARN_INT_CONVERSION = YES;
				CLANG_WARN_OBJC_ROOT_CLASS = YES_ERROR;
				CLANG_WARN_UNREACHABLE_CODE = YES;
				CLANG_WARN__DUPLICATE_METHOD_MATCH = YES;
				"CODE_SIGN_IDENTITY[sdk=iphoneos*]" = "iPhone Developer";
				COPY_PHASE_STRIP = NO;
				DEBUG_INFORMATION_FORMAT = "dwarf-with-dsym";
				ENABLE_NS_ASSERTIONS = NO;
				ENABLE_STRICT_OBJC_MSGSEND = YES;
				GCC_C_LANGUAGE_STANDARD = gnu99;
				GCC_WARN_64_TO_32_BIT_CONVERSION = YES;
				GCC_WARN_ABOUT_RETURN_TYPE = YES_ERROR;
				GCC_WARN_UNDECLARED_SELECTOR = YES;
				GCC_WARN_UNINITIALIZED_AUTOS = YES_AGGRESSIVE;
				GCC_WARN_UNUSED_FUNCTION = YES;
				GCC_WARN_UNUSED_VARIABLE = YES;
				IPHONEOS_DEPLOYMENT_TARGET = 8.3;
				MTL_ENABLE_DEBUG_INFO = NO;
				SDKROOT = iphoneos;
				VALIDATE_PRODUCT = YES;
			};
			name = Release;
		};
		BBFBDA4C1AA7541900426CBE /* Debug */ = {
			isa = XCBuildConfiguration;
			buildSettings = {
				ASSETCATALOG_COMPILER_APPICON_NAME = AppIcon;
				INFOPLIST_FILE = tindView/Info.plist;
				IPHONEOS_DEPLOYMENT_TARGET = 8.0;
				LD_RUNPATH_SEARCH_PATHS = "$(inherited) @executable_path/Frameworks";
				PRODUCT_NAME = "$(TARGET_NAME)";
			};
			name = Debug;
		};
		BBFBDA4D1AA7541900426CBE /* Release */ = {
			isa = XCBuildConfiguration;
			buildSettings = {
				ASSETCATALOG_COMPILER_APPICON_NAME = AppIcon;
				INFOPLIST_FILE = tindView/Info.plist;
				IPHONEOS_DEPLOYMENT_TARGET = 8.0;
				LD_RUNPATH_SEARCH_PATHS = "$(inherited) @executable_path/Frameworks";
				PRODUCT_NAME = "$(TARGET_NAME)";
			};
			name = Release;
		};
		BBFBDA4F1AA7541900426CBE /* Debug */ = {
			isa = XCBuildConfiguration;
			buildSettings = {
				BUNDLE_LOADER = "$(TEST_HOST)";
				FRAMEWORK_SEARCH_PATHS = (
					"$(SDKROOT)/Developer/Library/Frameworks",
					"$(inherited)",
				);
				GCC_PREPROCESSOR_DEFINITIONS = (
					"DEBUG=1",
					"$(inherited)",
				);
				INFOPLIST_FILE = tindViewTests/Info.plist;
				LD_RUNPATH_SEARCH_PATHS = "$(inherited) @executable_path/Frameworks @loader_path/Frameworks";
				PRODUCT_NAME = "$(TARGET_NAME)";
				TEST_HOST = "$(BUILT_PRODUCTS_DIR)/tindView.app/tindView";
			};
			name = Debug;
		};
		BBFBDA501AA7541900426CBE /* Release */ = {
			isa = XCBuildConfiguration;
			buildSettings = {
				BUNDLE_LOADER = "$(TEST_HOST)";
				FRAMEWORK_SEARCH_PATHS = (
					"$(SDKROOT)/Developer/Library/Frameworks",
					"$(inherited)",
				);
				INFOPLIST_FILE = tindViewTests/Info.plist;
				LD_RUNPATH_SEARCH_PATHS = "$(inherited) @executable_path/Frameworks @loader_path/Frameworks";
				PRODUCT_NAME = "$(TARGET_NAME)";
				TEST_HOST = "$(BUILT_PRODUCTS_DIR)/tindView.app/tindView";
			};
			name = Release;
		};
/* End XCBuildConfiguration section */

/* Begin XCConfigurationList section */
		BBFBDA271AA7541900426CBE /* Build configuration list for PBXProject "tindView" */ = {
			isa = XCConfigurationList;
			buildConfigurations = (
				BBFBDA491AA7541900426CBE /* Debug */,
				BBFBDA4A1AA7541900426CBE /* Release */,
			);
			defaultConfigurationIsVisible = 0;
			defaultConfigurationName = Release;
		};
		BBFBDA4B1AA7541900426CBE /* Build configuration list for PBXNativeTarget "tindView" */ = {
			isa = XCConfigurationList;
			buildConfigurations = (
				BBFBDA4C1AA7541900426CBE /* Debug */,
				BBFBDA4D1AA7541900426CBE /* Release */,
			);
			defaultConfigurationIsVisible = 0;
			defaultConfigurationName = Release;
		};
		BBFBDA4E1AA7541900426CBE /* Build configuration list for PBXNativeTarget "tindViewTests" */ = {
			isa = XCConfigurationList;
			buildConfigurations = (
				BBFBDA4F1AA7541900426CBE /* Debug */,
				BBFBDA501AA7541900426CBE /* Release */,
			);
			defaultConfigurationIsVisible = 0;
			defaultConfigurationName = Release;
		};
/* End XCConfigurationList section */
	};
	rootObject = BBFBDA241AA7541900426CBE /* Project object */;
}
